dependencies:
- name: opentelemetry-demo
  repository: https://open-telemetry.github.io/opentelemetry-helm-charts
  version: 0.21.1
- name: redis-operator
  repository: https://ot-container-kit.github.io/helm-charts
  version: 0.11.2
digest: sha256:9816ca8aa77a63026aebe7ca46b785ebf387eed2e9bc1e7c51787a19fb671c0a
generated: "2023-04-20T21:05:43.012917+08:00"
