dependencies:
- name: opentelemetry-demo
  repository: https://open-telemetry.github.io/opentelemetry-helm-charts
  version: 0.12.2
- name: redis-operator
  repository: https://ot-container-kit.github.io/helm-charts
  version: 0.11.2
digest: sha256:13eb245afb148619719d76061148177538f61fb45f1683c752bbea92f6a29187
generated: "2022-11-22T11:40:59.86156+08:00"
